
Microsoft Visual Studio Solution File, Format Version 12.00
# Visual Studio Version 17
VisualStudioVersion = 17.5.33530.505
MinimumVisualStudioVersion = 10.0.40219.1
Project("{FAE04EC0-301F-11D3-BF4B-00C04F79EFBC}") = "eTickets", "eTickets\eTickets.csproj", "{700BD859-CCC4-49E2-A697-EC8DC2540949}"
EndProject
Global
	GlobalSection(SolutionConfigurationPlatforms) = preSolution
		Debug|Any CPU = Debug|Any CPU
		Release|Any CPU = Release|Any CPU
	EndGlobalSection
	GlobalSection(ProjectConfigurationPlatforms) = postSolution
		{700BD859-CCC4-49E2-A697-EC8DC2540949}.Debug|Any CPU.ActiveCfg = Debug|Any CPU
		{700BD859-CCC4-49E2-A697-EC8DC2540949}.Debug|Any CPU.Build.0 = Debug|Any CPU
		{700BD859-CCC4-49E2-A697-EC8DC2540949}.Release|Any CPU.ActiveCfg = Release|Any CPU
		{700BD859-CCC4-49E2-A697-EC8DC2540949}.Release|Any CPU.Build.0 = Release|Any CPU
	EndGlobalSection
	GlobalSection(SolutionProperties) = preSolution
		HideSolutionNode = FALSE
	EndGlobalSection
	GlobalSection(ExtensibilityGlobals) = postSolution
		SolutionGuid = {8E9CE667-15D6-460C-88D6-F51F09602E9F}
	EndGlobalSection
EndGlobal
